
Microsoft Visual Studio Solution File, Format Version 12.00
# Visual Studio Version 17
VisualStudioVersion = 17.9.34622.214
MinimumVisualStudioVersion = 10.0.40219.1
Project("{FAE04EC0-301F-11D3-BF4B-00C04F79EFBC}") = "lab03", "bai1 lab03\lab03.csproj", "{4A554162-F1EA-4F2A-BA2C-8266B6F864F4}"
EndProject
Global
	GlobalSection(SolutionConfigurationPlatforms) = preSolution
		Debug|Any CPU = Debug|Any CPU
		Release|Any CPU = Release|Any CPU
	EndGlobalSection
	GlobalSection(ProjectConfigurationPlatforms) = postSolution
		{4A554162-F1EA-4F2A-BA2C-8266B6F864F4}.Debug|Any CPU.ActiveCfg = Debug|Any CPU
		{4A554162-F1EA-4F2A-BA2C-8266B6F864F4}.Debug|Any CPU.Build.0 = Debug|Any CPU
		{4A554162-F1EA-4F2A-BA2C-8266B6F864F4}.Release|Any CPU.ActiveCfg = Release|Any CPU
		{4A554162-F1EA-4F2A-BA2C-8266B6F864F4}.Release|Any CPU.Build.0 = Release|Any CPU
	EndGlobalSection
	GlobalSection(SolutionProperties) = preSolution
		HideSolutionNode = FALSE
	EndGlobalSection
	GlobalSection(ExtensibilityGlobals) = postSolution
		SolutionGuid = {923CE148-2FDA-4B1D-B6EC-F6CF054714DD}
	EndGlobalSection
EndGlobal
